{
  "name": "video-encryptor",
  "version": "3.0.0",
  "lockfileVersion": 2,
  "requires": true,
  "packages": {
    "": {
      "name": "video-encryptor",
      "version": "3.0.0",
      "license": "ISC",
      "dependencies": {
        "crypto-js": "^4.1.1",
        "video-encryptor": "^3.0.0"
      }
    },
    "node_modules/crypto-js": {
      "version": "4.1.1",
      "resolved": "https://registry.npmjs.org/crypto-js/-/crypto-js-4.1.1.tgz",
      "integrity": "sha512-o2JlM7ydqd3Qk9CA0L4NL6mTzU2sdx96a+oOfPu8Mkl/PK51vSyoi8/rQ8NknZtk44vq15lmhAj9CIAGwgeWKw=="
    },
    "node_modules/video-encryptor": {
      "version": "3.0.0",
      "resolved": "https://registry.npmjs.org/video-encryptor/-/video-encryptor-3.0.0.tgz",
      "integrity": "sha512-0lOmU+VwhxrBjEBm030gJXS1k27DGxzQzjm+dzCTJpxXCObc+hKHDlOjsIVTW37mUGWP4/cmfgj20chzcsD1KQ==",
      "dependencies": {
        "crypto-js": "^4.1.1"
      }
    }
  },
  "dependencies": {
    "crypto-js": {
      "version": "4.1.1",
      "resolved": "https://registry.npmjs.org/crypto-js/-/crypto-js-4.1.1.tgz",
      "integrity": "sha512-o2JlM7ydqd3Qk9CA0L4NL6mTzU2sdx96a+oOfPu8Mkl/PK51vSyoi8/rQ8NknZtk44vq15lmhAj9CIAGwgeWKw=="
    },
    "video-encryptor": {
      "version": "3.0.0",
      "resolved": "https://registry.npmjs.org/video-encryptor/-/video-encryptor-3.0.0.tgz",
      "integrity": "sha512-0lOmU+VwhxrBjEBm030gJXS1k27DGxzQzjm+dzCTJpxXCObc+hKHDlOjsIVTW37mUGWP4/cmfgj20chzcsD1KQ==",
      "requires": {
        "crypto-js": "^4.1.1"
      }
    }
  }
}
